// !$*UTF8*$!
{
	archiveVersion = 1;
	classes = {
	};
	objectVersion = 77;
	objects = {

/* Begin PBXBuildFile section */
		ECA9BF6C2F69AA960059280F /* FirebaseAnalytics in Frameworks */ = {isa = PBXBuildFile; productRef = ECA9BF6B2F69AA960059280F /* FirebaseAnalytics */; };
		ECA9BF6E2F69AA960059280F /* FirebaseCrashlytics in Frameworks */ = {isa = PBXBuildFile; productRef = ECA9BF6D2F69AA960059280F /* FirebaseCrashlytics */; };
/* End PBXBuildFile section */

/* Begin PBXContainerItemProxy section */
		ECF5E5D02F5F0D360024512B /* PBXContainerItemProxy */ = {
			isa = PBXContainerItemProxy;
			containerPortal = ECF5E5BA2F5F0D340024512B /* Project object */;
			proxyType = 1;
			remoteGlobalIDString = ECF5E5C12F5F0D340024512B;
			remoteInfo = BitWallet;
		};
		ECF5E5DA2F5F0D360024512B /* PBXContainerItemProxy */ = {
			isa = PBXContainerItemProxy;
			containerPortal = ECF5E5BA2F5F0D340024512B /* Project object */;
			proxyType = 1;
			remoteGlobalIDString = ECF5E5C12F5F0D340024512B;
			remoteInfo = BitWallet;
		};
/* End PBXContainerItemProxy section */

/* Begin PBXFileReference section */
		ECF5E5C22F5F0D340024512B /* BitWallet.app */ = {isa = PBXFileReference; explicitFileType = wrapper.application; includeInIndex = 0; path = BitWallet.app; sourceTree = BUILT_PRODUCTS_DIR; };
		ECF5E5CF2F5F0D360024512B /* BitWalletTests.xctest */ = {isa = PBXFileReference; explicitFileType = wrapper.cfbundle; includeInIndex = 0; path = BitWalletTests.xctest; sourceTree = BUILT_PRODUCTS_DIR; };
		ECF5E5D92F5F0D360024512B /* BitWalletUITests.xctest */ = {isa = PBXFileReference; explicitFileType = wrapper.cfbundle; includeInIndex = 0; path = BitWalletUITests.xctest; sourceTree = BUILT_PRODUCTS_DIR; };
/* End PBXFileReference section */

/* Begin PBXFileSystemSynchronizedBuildFileExceptionSet section */
		ECC325AA2F614F1500507FE7 /* Exceptions for "BitWallet" folder in "BitWalletTests" target */ = {
			isa = PBXFileSystemSynchronizedBuildFileExceptionSet;
			membershipExceptions = (
				Config/AppConfig.swift,
				"Config/Local​Config​.swift",
				Core/Constants/CurrencySymbols.swift,
			);
			target = ECF5E5CE2F5F0D360024512B /* BitWalletTests */;
		};
		ECC325AB2F614F1500507FE7 /* Exceptions for "BitWallet" folder in "BitWalletUITests" target */ = {
			isa = PBXFileSystemSynchronizedBuildFileExceptionSet;
			membershipExceptions = (
				Config/AppConfig.swift,
				"Config/Local​Config​.swift",
				Core/Constants/CurrencySymbols.swift,
			);
			target = ECF5E5D82F5F0D360024512B /* BitWalletUITests */;
		};
/* End PBXFileSystemSynchronizedBuildFileExceptionSet section */

/* Begin PBXFileSystemSynchronizedRootGroup section */
		ECF5E5C42F5F0D340024512B /* BitWallet */ = {
			isa = PBXFileSystemSynchronizedRootGroup;
			exceptions = (
				ECC325AA2F614F1500507FE7 /* Exceptions for "BitWallet" folder in "BitWalletTests" target */,
				ECC325AB2F614F1500507FE7 /* Exceptions for "BitWallet" folder in "BitWalletUITests" target */,
			);
			path = BitWallet;
			sourceTree = "<group>";
		};
		ECF5E5D22F5F0D360024512B /* BitWalletTests */ = {
			isa = PBXFileSystemSynchronizedRootGroup;
			path = BitWalletTests;
			sourceTree = "<group>";
		};
		ECF5E5DC2F5F0D360024512B /* BitWalletUITests */ = {
			isa = PBXFileSystemSynchronizedRootGroup;
			path = BitWalletUITests;
			sourceTree = "<group>";
		};
/* End PBXFileSystemSynchronizedRootGroup section */

/* Begin PBXFrameworksBuildPhase section */
		ECF5E5BF2F5F0D340024512B /* Frameworks */ = {
			isa = PBXFrameworksBuildPhase;
			buildActionMask = 2147483647;
			files = (
				ECA9BF6C2F69AA960059280F /* FirebaseAnalytics in Frameworks */,
				ECA9BF6E2F69AA960059280F /* FirebaseCrashlytics in Frameworks */,
			);
			runOnlyForDeploymentPostprocessing = 0;
		};
		ECF5E5CC2F5F0D360024512B /* Frameworks */ = {
			isa = PBXFrameworksBuildPhase;
			buildActionMask = 2147483647;
			files = (
			);
			runOnlyForDeploymentPostprocessing = 0;
		};
		ECF5E5D62F5F0D360024512B /* Frameworks */ = {
			isa = PBXFrameworksBuildPhase;
			buildActionMask = 2147483647;
			files = (
			);
			runOnlyForDeploymentPostprocessing = 0;
		};
/* End PBXFrameworksBuildPhase section */

/* Begin PBXGroup section */
		ECF5E5B92F5F0D340024512B = {
			isa = PBXGroup;
			children = (
				ECF5E5C42F5F0D340024512B /* BitWallet */,
				ECF5E5D22F5F0D360024512B /* BitWalletTests */,
				ECF5E5DC2F5F0D360024512B /* BitWalletUITests */,
				ECF5E5C32F5F0D340024512B /* Products */,
			);
			sourceTree = "<group>";
		};
		ECF5E5C32F5F0D340024512B /* Products */ = {
			isa = PBXGroup;
			children = (
				ECF5E5C22F5F0D340024512B /* BitWallet.app */,
				ECF5E5CF2F5F0D360024512B /* BitWalletTests.xctest */,
				ECF5E5D92F5F0D360024512B /* BitWalletUITests.xctest */,
			);
			name = Products;
			sourceTree = "<group>";
		};
/* End PBXGroup section */

/* Begin PBXNativeTarget section */
		ECF5E5C12F5F0D340024512B /* BitWallet */ = {
			isa = PBXNativeTarget;
			buildConfigurationList = ECF5E5E32F5F0D360024512B /* Build configuration list for PBXNativeTarget "BitWallet" */;
			buildPhases = (
				ECF5E5BE2F5F0D340024512B /* Sources */,
				ECF5E5BF2F5F0D340024512B /* Frameworks */,
				ECF5E5C02F5F0D340024512B /* Resources */,
				ECA9BF6F2F69AC400059280F /* ShellScript */,
			);
			buildRules = (
			);
			dependencies = (
			);
			fileSystemSynchronizedGroups = (
				ECF5E5C42F5F0D340024512B /* BitWallet */,
			);
			name = BitWallet;
			packageProductDependencies = (
				ECA9BF6B2F69AA960059280F /* FirebaseAnalytics */,
				ECA9BF6D2F69AA960059280F /* FirebaseCrashlytics */,
			);
			productName = BitWallet;
			productReference = ECF5E5C22F5F0D340024512B /* BitWallet.app */;
			productType = "com.apple.product-type.application";
		};
		ECF5E5CE2F5F0D360024512B /* BitWalletTests */ = {
			isa = PBXNativeTarget;
			buildConfigurationList = ECF5E5E62F5F0D360024512B /* Build configuration list for PBXNativeTarget "BitWalletTests" */;
			buildPhases = (
				ECF5E5CB2F5F0D360024512B /* Sources */,
				ECF5E5CC2F5F0D360024512B /* Frameworks */,
				ECF5E5CD2F5F0D360024512B /* Resources */,
			);
			buildRules = (
			);
			dependencies = (
				ECF5E5D12F5F0D360024512B /* PBXTargetDependency */,
			);
			fileSystemSynchronizedGroups = (
				ECF5E5D22F5F0D360024512B /* BitWalletTests */,
			);
			name = BitWalletTests;
			packageProductDependencies = (
			);
			productName = BitWalletTests;
			productReference = ECF5E5CF2F5F0D360024512B /* BitWalletTests.xctest */;
			productType = "com.apple.product-type.bundle.unit-test";
		};
		ECF5E5D82F5F0D360024512B /* BitWalletUITests */ = {
			isa = PBXNativeTarget;
			buildConfigurationList = ECF5E5E92F5F0D360024512B /* Build configuration list for PBXNativeTarget "BitWalletUITests" */;
			buildPhases = (
				ECF5E5D52F5F0D360024512B /* Sources */,
				ECF5E5D62F5F0D360024512B /* Frameworks */,
				ECF5E5D72F5F0D360024512B /* Resources */,
			);
			buildRules = (
			);
			dependencies = (
				ECF5E5DB2F5F0D360024512B /* PBXTargetDependency */,
			);
			fileSystemSynchronizedGroups = (
				ECF5E5DC2F5F0D360024512B /* BitWalletUITests */,
			);
			name = BitWalletUITests;
			packageProductDependencies = (
			);
			productName = BitWalletUITests;
			productReference = ECF5E5D92F5F0D360024512B /* BitWalletUITests.xctest */;
			productType = "com.apple.product-type.bundle.ui-testing";
		};
/* End PBXNativeTarget section */

/* Begin PBXProject section */
		ECF5E5BA2F5F0D340024512B /* Project object */ = {
			isa = PBXProject;
			attributes = {
				BuildIndependentTargetsInParallel = 1;
				LastSwiftUpdateCheck = 2630;
				LastUpgradeCheck = 2630;
				TargetAttributes = {
					ECF5E5C12F5F0D340024512B = {
						CreatedOnToolsVersion = 26.3;
					};
					ECF5E5CE2F5F0D360024512B = {
						CreatedOnToolsVersion = 26.3;
						TestTargetID = ECF5E5C12F5F0D340024512B;
					};
					ECF5E5D82F5F0D360024512B = {
						CreatedOnToolsVersion = 26.3;
						TestTargetID = ECF5E5C12F5F0D340024512B;
					};
				};
			};
			buildConfigurationList = ECF5E5BD2F5F0D340024512B /* Build configuration list for PBXProject "BitWallet" */;
			developmentRegion = en;
			hasScannedForEncodings = 0;
			knownRegions = (
				en,
				Base,
			);
			mainGroup = ECF5E5B92F5F0D340024512B;
			minimizedProjectReferenceProxies = 1;
			packageReferences = (
				ECA9BF6A2F69AA960059280F /* XCRemoteSwiftPackageReference "firebase-ios-sdk" */,
			);
			preferredProjectObjectVersion = 77;
			productRefGroup = ECF5E5C32F5F0D340024512B /* Products */;
			projectDirPath = "";
			projectRoot = "";
			targets = (
				ECF5E5C12F5F0D340024512B /* BitWallet */,
				ECF5E5CE2F5F0D360024512B /* BitWalletTests */,
				ECF5E5D82F5F0D360024512B /* BitWalletUITests */,
			);
		};
/* End PBXProject section */

/* Begin PBXResourcesBuildPhase section */
		ECF5E5C02F5F0D340024512B /* Resources */ = {
			isa = PBXResourcesBuildPhase;
			buildActionMask = 2147483647;
			files = (
			);
			runOnlyForDeploymentPostprocessing = 0;
		};
		ECF5E5CD2F5F0D360024512B /* Resources */ = {
			isa = PBXResourcesBuildPhase;
			buildActionMask = 2147483647;
			files = (
			);
			runOnlyForDeploymentPostprocessing = 0;
		};
		ECF5E5D72F5F0D360024512B /* Resources */ = {
			isa = PBXResourcesBuildPhase;
			buildActionMask = 2147483647;
			files = (
			);
			runOnlyForDeploymentPostprocessing = 0;
		};
/* End PBXResourcesBuildPhase section */

/* Begin PBXShellScriptBuildPhase section */
		ECA9BF6F2F69AC400059280F /* ShellScript */ = {
			isa = PBXShellScriptBuildPhase;
			buildActionMask = 2147483647;
			files = (
			);
			inputFileListPaths = (
			);
			inputPaths = (
			);
			outputFileListPaths = (
			);
			outputPaths = (
			);
			runOnlyForDeploymentPostprocessing = 0;
			shellPath = /bin/sh;
			shellScript = "if [ \"$CONFIGURATION\" != \"Release\" ]; then\n  echo \"Skipping Crashlytics symbol upload for non-Release build.\"\n  exit 0\nfi\n\n\"${BUILD_DIR%/Build/*}/SourcePackages/checkouts/firebase-ios-sdk/Crashlytics/run\"\n";
		};
/* End PBXShellScriptBuildPhase section */

/* Begin PBXSourcesBuildPhase section */
		ECF5E5BE2F5F0D340024512B /* Sources */ = {
			isa = PBXSourcesBuildPhase;
			buildActionMask = 2147483647;
			files = (
			);
			runOnlyForDeploymentPostprocessing = 0;
		};
		ECF5E5CB2F5F0D360024512B /* Sources */ = {
			isa = PBXSourcesBuildPhase;
			buildActionMask = 2147483647;
			files = (
			);
			runOnlyForDeploymentPostprocessing = 0;
		};
		ECF5E5D52F5F0D360024512B /* Sources */ = {
			isa = PBXSourcesBuildPhase;
			buildActionMask = 2147483647;
			files = (
			);
			runOnlyForDeploymentPostprocessing = 0;
		};
/* End PBXSourcesBuildPhase section */

/* Begin PBXTargetDependency section */
		ECF5E5D12F5F0D360024512B /* PBXTargetDependency */ = {
			isa = PBXTargetDependency;
			target = ECF5E5C12F5F0D340024512B /* BitWallet */;
			targetProxy = ECF5E5D02F5F0D360024512B /* PBXContainerItemProxy */;
		};
		ECF5E5DB2F5F0D360024512B /* PBXTargetDependency */ = {
			isa = PBXTargetDependency;
			target = ECF5E5C12F5F0D340024512B /* BitWallet */;
			targetProxy = ECF5E5DA2F5F0D360024512B /* PBXContainerItemProxy */;
		};
/* End PBXTargetDependency section */

/* Begin XCBuildConfiguration section */
		ECF5E5E12F5F0D360024512B /* Debug */ = {
			isa = XCBuildConfiguration;
			buildSettings = {
				ALWAYS_SEARCH_USER_PATHS = NO;
				ASSETCATALOG_COMPILER_GENERATE_SWIFT_ASSET_SYMBOL_EXTENSIONS = YES;
				CLANG_ANALYZER_NONNULL = YES;
				CLANG_ANALYZER_NUMBER_OBJECT_CONVERSION = YES_AGGRESSIVE;
				CLANG_CXX_LANGUAGE_STANDARD = "gnu++20";
				CLANG_ENABLE_MODULES = YES;
				CLANG_ENABLE_OBJC_ARC = YES;
				CLANG_ENABLE_OBJC_WEAK = YES;
				CLANG_WARN_BLOCK_CAPTURE_AUTORELEASING = YES;
				CLANG_WARN_BOOL_CONVERSION = YES;
				CLANG_WARN_COMMA = YES;
				CLANG_WARN_CONSTANT_CONVERSION = YES;
				CLANG_WARN_DEPRECATED_OBJC_IMPLEMENTATIONS = YES;
				CLANG_WARN_DIRECT_OBJC_ISA_USAGE = YES_ERROR;
				CLANG_WARN_DOCUMENTATION_COMMENTS = YES;
				CLANG_WARN_EMPTY_BODY = YES;
				CLANG_WARN_ENUM_CONVERSION = YES;
				CLANG_WARN_INFINITE_RECURSION = YES;
				CLANG_WARN_INT_CONVERSION = YES;
				CLANG_WARN_NON_LITERAL_NULL_CONVERSION = YES;
				CLANG_WARN_OBJC_IMPLICIT_RETAIN_SELF = YES;
				CLANG_WARN_OBJC_LITERAL_CONVERSION = YES;
				CLANG_WARN_OBJC_ROOT_CLASS = YES_ERROR;
				CLANG_WARN_QUOTED_INCLUDE_IN_FRAMEWORK_HEADER = YES;
				CLANG_WARN_RANGE_LOOP_ANALYSIS = YES;
				CLANG_WARN_STRICT_PROTOTYPES = YES;
				CLANG_WARN_SUSPICIOUS_MOVE = YES;
				CLANG_WARN_UNGUARDED_AVAILABILITY = YES_AGGRESSIVE;
				CLANG_WARN_UNREACHABLE_CODE = YES;
				CLANG_WARN__DUPLICATE_METHOD_MATCH = YES;
				COPY_PHASE_STRIP = NO;
				DEBUG_INFORMATION_FORMAT = dwarf;
				DEVELOPMENT_TEAM = 7U4EDE9E84;
				ENABLE_STRICT_OBJC_MSGSEND = YES;
				ENABLE_TESTABILITY = YES;
				ENABLE_USER_SCRIPT_SANDBOXING = YES;
				GCC_C_LANGUAGE_STANDARD = gnu17;
				GCC_DYNAMIC_NO_PIC = NO;
				GCC_NO_COMMON_BLOCKS = YES;
				GCC_OPTIMIZATION_LEVEL = 0;
				GCC_PREPROCESSOR_DEFINITIONS = (
					"DEBUG=1",
					"$(inherited)",
				);
				GCC_WARN_64_TO_32_BIT_CONVERSION = YES;
				GCC_WARN_ABOUT_RETURN_TYPE = YES_ERROR;
				GCC_WARN_UNDECLARED_SELECTOR = YES;
				GCC_WARN_UNINITIALIZED_AUTOS = YES_AGGRESSIVE;
				GCC_WARN_UNUSED_FUNCTION = YES;
				GCC_WARN_UNUSED_VARIABLE = YES;
				IPHONEOS_DEPLOYMENT_TARGET = 26.2;
				LOCALIZATION_PREFERS_STRING_CATALOGS = YES;
				MTL_ENABLE_DEBUG_INFO = INCLUDE_SOURCE;
				MTL_FAST_MATH = YES;
				ONLY_ACTIVE_ARCH = YES;
				SDKROOT = iphoneos;
				SWIFT_ACTIVE_COMPILATION_CONDITIONS = "DEBUG $(inherited)";
				SWIFT_OPTIMIZATION_LEVEL = "-Onone";
			};
			name = Debug;
		};
		ECF5E5E22F5F0D360024512B /* Release */ = {
			isa = XCBuildConfiguration;
			buildSettings = {
				ALWAYS_SEARCH_USER_PATHS = NO;
				ASSETCATALOG_COMPILER_GENERATE_SWIFT_ASSET_SYMBOL_EXTENSIONS = YES;
				CLANG_ANALYZER_NONNULL = YES;
				CLANG_ANALYZER_NUMBER_OBJECT_CONVERSION = YES_AGGRESSIVE;
				CLANG_CXX_LANGUAGE_STANDARD = "gnu++20";
				CLANG_ENABLE_MODULES = YES;
				CLANG_ENABLE_OBJC_ARC = YES;
				CLANG_ENABLE_OBJC_WEAK = YES;
				CLANG_WARN_BLOCK_CAPTURE_AUTORELEASING = YES;
				CLANG_WARN_BOOL_CONVERSION = YES;
				CLANG_WARN_COMMA = YES;
				CLANG_WARN_CONSTANT_CONVERSION = YES;
				CLANG_WARN_DEPRECATED_OBJC_IMPLEMENTATIONS = YES;
				CLANG_WARN_DIRECT_OBJC_ISA_USAGE = YES_ERROR;
				CLANG_WARN_DOCUMENTATION_COMMENTS = YES;
				CLANG_WARN_EMPTY_BODY = YES;
				CLANG_WARN_ENUM_CONVERSION = YES;
				CLANG_WARN_INFINITE_RECURSION = YES;
				CLANG_WARN_INT_CONVERSION = YES;
				CLANG_WARN_NON_LITERAL_NULL_CONVERSION = YES;
				CLANG_WARN_OBJC_IMPLICIT_RETAIN_SELF = YES;
				CLANG_WARN_OBJC_LITERAL_CONVERSION = YES;
				CLANG_WARN_OBJC_ROOT_CLASS = YES_ERROR;
				CLANG_WARN_QUOTED_INCLUDE_IN_FRAMEWORK_HEADER = YES;
				CLANG_WARN_RANGE_LOOP_ANALYSIS = YES;
				CLANG_WARN_STRICT_PROTOTYPES = YES;
				CLANG_WARN_SUSPICIOUS_MOVE = YES;
				CLANG_WARN_UNGUARDED_AVAILABILITY = YES_AGGRESSIVE;
				CLANG_WARN_UNREACHABLE_CODE = YES;
				CLANG_WARN__DUPLICATE_METHOD_MATCH = YES;
				COPY_PHASE_STRIP = NO;
				DEBUG_INFORMATION_FORMAT = "dwarf-with-dsym";
				DEVELOPMENT_TEAM = 7U4EDE9E84;
				ENABLE_NS_ASSERTIONS = NO;
				ENABLE_STRICT_OBJC_MSGSEND = YES;
				ENABLE_USER_SCRIPT_SANDBOXING = YES;
				GCC_C_LANGUAGE_STANDARD = gnu17;
				GCC_NO_COMMON_BLOCKS = YES;
				GCC_WARN_64_TO_32_BIT_CONVERSION = YES;
				GCC_WARN_ABOUT_RETURN_TYPE = YES_ERROR;
				GCC_WARN_UNDECLARED_SELECTOR = YES;
				GCC_WARN_UNINITIALIZED_AUTOS = YES_AGGRESSIVE;
				GCC_WARN_UNUSED_FUNCTION = YES;
				GCC_WARN_UNUSED_VARIABLE = YES;
				IPHONEOS_DEPLOYMENT_TARGET = 26.2;
				LOCALIZATION_PREFERS_STRING_CATALOGS = YES;
				MTL_ENABLE_DEBUG_INFO = NO;
				MTL_FAST_MATH = YES;
				SDKROOT = iphoneos;
				SWIFT_COMPILATION_MODE = wholemodule;
				VALIDATE_PRODUCT = YES;
			};
			name = Release;
		};
		ECF5E5E42F5F0D360024512B /* Debug */ = {
			isa = XCBuildConfiguration;
			buildSettings = {
				ASSETCATALOG_COMPILER_APPICON_NAME = AppIcon;
				ASSETCATALOG_COMPILER_GLOBAL_ACCENT_COLOR_NAME = AccentColor;
				CODE_SIGN_STYLE = Automatic;
				CURRENT_PROJECT_VERSION = 1;
				DEVELOPMENT_TEAM = 7U4EDE9E84;
				ENABLE_PREVIEWS = YES;
				GENERATE_INFOPLIST_FILE = YES;
				INFOPLIST_KEY_UIApplicationSceneManifest_Generation = YES;
				INFOPLIST_KEY_UIApplicationSupportsIndirectInputEvents = YES;
				INFOPLIST_KEY_UILaunchScreen_Generation = YES;
				INFOPLIST_KEY_UISupportedInterfaceOrientations = UIInterfaceOrientationPortrait;
				INFOPLIST_KEY_UISupportedInterfaceOrientations_iPad = "UIInterfaceOrientationPortrait UIInterfaceOrientationPortraitUpsideDown";
				IPHONEOS_DEPLOYMENT_TARGET = 15.6;
				LD_RUNPATH_SEARCH_PATHS = (
					"$(inherited)",
					"@executable_path/Frameworks",
				);
				MARKETING_VERSION = 1.0;
				PRODUCT_BUNDLE_IDENTIFIER = com.wellsstudio.BitWallet;
				PRODUCT_NAME = "$(TARGET_NAME)";
				STRING_CATALOG_GENERATE_SYMBOLS = YES;
				SWIFT_APPROACHABLE_CONCURRENCY = YES;
				SWIFT_DEFAULT_ACTOR_ISOLATION = MainActor;
				SWIFT_EMIT_LOC_STRINGS = YES;
				SWIFT_UPCOMING_FEATURE_MEMBER_IMPORT_VISIBILITY = YES;
				SWIFT_VERSION = 5.0;
				TARGETED_DEVICE_FAMILY = "1,2";
			};
			name = Debug;
		};
		ECF5E5E52F5F0D360024512B /* Release */ = {
			isa = XCBuildConfiguration;
			buildSettings = {
				ASSETCATALOG_COMPILER_APPICON_NAME = AppIcon;
				ASSETCATALOG_COMPILER_GLOBAL_ACCENT_COLOR_NAME = AccentColor;
				CODE_SIGN_STYLE = Automatic;
				CURRENT_PROJECT_VERSION = 1;
				DEVELOPMENT_TEAM = 7U4EDE9E84;
				ENABLE_PREVIEWS = YES;
				GENERATE_INFOPLIST_FILE = YES;
				INFOPLIST_KEY_UIApplicationSceneManifest_Generation = YES;
				INFOPLIST_KEY_UIApplicationSupportsIndirectInputEvents = YES;
				INFOPLIST_KEY_UILaunchScreen_Generation = YES;
				INFOPLIST_KEY_UISupportedInterfaceOrientations = UIInterfaceOrientationPortrait;
				INFOPLIST_KEY_UISupportedInterfaceOrientations_iPad = "UIInterfaceOrientationPortrait UIInterfaceOrientationPortraitUpsideDown";
				IPHONEOS_DEPLOYMENT_TARGET = 15.6;
				LD_RUNPATH_SEARCH_PATHS = (
					"$(inherited)",
					"@executable_path/Frameworks",
				);
				MARKETING_VERSION = 1.0;
				PRODUCT_BUNDLE_IDENTIFIER = com.wellsstudio.BitWallet;
				PRODUCT_NAME = "$(TARGET_NAME)";
				STRING_CATALOG_GENERATE_SYMBOLS = YES;
				SWIFT_APPROACHABLE_CONCURRENCY = YES;
				SWIFT_DEFAULT_ACTOR_ISOLATION = MainActor;
				SWIFT_EMIT_LOC_STRINGS = YES;
				SWIFT_UPCOMING_FEATURE_MEMBER_IMPORT_VISIBILITY = YES;
				SWIFT_VERSION = 5.0;
				TARGETED_DEVICE_FAMILY = "1,2";
			};
			name = Release;
		};
		ECF5E5E72F5F0D360024512B /* Debug */ = {
			isa = XCBuildConfiguration;
			buildSettings = {
				BUNDLE_LOADER = "$(TEST_HOST)";
				CODE_SIGN_STYLE = Automatic;
				CURRENT_PROJECT_VERSION = 1;
				DEVELOPMENT_TEAM = 7U4EDE9E84;
				GENERATE_INFOPLIST_FILE = YES;
				IPHONEOS_DEPLOYMENT_TARGET = 15.6;
				MARKETING_VERSION = 1.0;
				PRODUCT_BUNDLE_IDENTIFIER = com.wellsstudio.BitWalletTests;
				PRODUCT_NAME = "$(TARGET_NAME)";
				STRING_CATALOG_GENERATE_SYMBOLS = NO;
				SWIFT_APPROACHABLE_CONCURRENCY = YES;
				SWIFT_EMIT_LOC_STRINGS = NO;
				SWIFT_UPCOMING_FEATURE_MEMBER_IMPORT_VISIBILITY = YES;
				SWIFT_VERSION = 5.0;
				TARGETED_DEVICE_FAMILY = "1,2";
				TEST_HOST = "$(BUILT_PRODUCTS_DIR)/BitWallet.app/$(BUNDLE_EXECUTABLE_FOLDER_PATH)/BitWallet";
			};
			name = Debug;
		};
		ECF5E5E82F5F0D360024512B /* Release */ = {
			isa = XCBuildConfiguration;
			buildSettings = {
				BUNDLE_LOADER = "$(TEST_HOST)";
				CODE_SIGN_STYLE = Automatic;
				CURRENT_PROJECT_VERSION = 1;
				DEVELOPMENT_TEAM = 7U4EDE9E84;
				GENERATE_INFOPLIST_FILE = YES;
				IPHONEOS_DEPLOYMENT_TARGET = 15.6;
				MARKETING_VERSION = 1.0;
				PRODUCT_BUNDLE_IDENTIFIER = com.wellsstudio.BitWalletTests;
				PRODUCT_NAME = "$(TARGET_NAME)";
				STRING_CATALOG_GENERATE_SYMBOLS = NO;
				SWIFT_APPROACHABLE_CONCURRENCY = YES;
				SWIFT_EMIT_LOC_STRINGS = NO;
				SWIFT_UPCOMING_FEATURE_MEMBER_IMPORT_VISIBILITY = YES;
				SWIFT_VERSION = 5.0;
				TARGETED_DEVICE_FAMILY = "1,2";
				TEST_HOST = "$(BUILT_PRODUCTS_DIR)/BitWallet.app/$(BUNDLE_EXECUTABLE_FOLDER_PATH)/BitWallet";
			};
			name = Release;
		};
		ECF5E5EA2F5F0D360024512B /* Debug */ = {
			isa = XCBuildConfiguration;
			buildSettings = {
				CODE_SIGN_STYLE = Automatic;
				CURRENT_PROJECT_VERSION = 1;
				DEVELOPMENT_TEAM = 7U4EDE9E84;
				GENERATE_INFOPLIST_FILE = YES;
				IPHONEOS_DEPLOYMENT_TARGET = 15.6;
				MARKETING_VERSION = 1.0;
				PRODUCT_BUNDLE_IDENTIFIER = com.wellsstudio.BitWalletUITests;
				PRODUCT_NAME = "$(TARGET_NAME)";
				STRING_CATALOG_GENERATE_SYMBOLS = NO;
				SWIFT_APPROACHABLE_CONCURRENCY = YES;
				SWIFT_EMIT_LOC_STRINGS = NO;
				SWIFT_UPCOMING_FEATURE_MEMBER_IMPORT_VISIBILITY = YES;
				SWIFT_VERSION = 5.0;
				TARGETED_DEVICE_FAMILY = "1,2";
				TEST_TARGET_NAME = BitWallet;
			};
			name = Debug;
		};
		ECF5E5EB2F5F0D360024512B /* Release */ = {
			isa = XCBuildConfiguration;
			buildSettings = {
				CODE_SIGN_STYLE = Automatic;
				CURRENT_PROJECT_VERSION = 1;
				DEVELOPMENT_TEAM = 7U4EDE9E84;
				GENERATE_INFOPLIST_FILE = YES;
				IPHONEOS_DEPLOYMENT_TARGET = 15.6;
				MARKETING_VERSION = 1.0;
				PRODUCT_BUNDLE_IDENTIFIER = com.wellsstudio.BitWalletUITests;
				PRODUCT_NAME = "$(TARGET_NAME)";
				STRING_CATALOG_GENERATE_SYMBOLS = NO;
				SWIFT_APPROACHABLE_CONCURRENCY = YES;
				SWIFT_EMIT_LOC_STRINGS = NO;
				SWIFT_UPCOMING_FEATURE_MEMBER_IMPORT_VISIBILITY = YES;
				SWIFT_VERSION = 5.0;
				TARGETED_DEVICE_FAMILY = "1,2";
				TEST_TARGET_NAME = BitWallet;
			};
			name = Release;
		};
/* End XCBuildConfiguration section */

/* Begin XCConfigurationList section */
		ECF5E5BD2F5F0D340024512B /* Build configuration list for PBXProject "BitWallet" */ = {
			isa = XCConfigurationList;
			buildConfigurations = (
				ECF5E5E12F5F0D360024512B /* Debug */,
				ECF5E5E22F5F0D360024512B /* Release */,
			);
			defaultConfigurationIsVisible = 0;
			defaultConfigurationName = Release;
		};
		ECF5E5E32F5F0D360024512B /* Build configuration list for PBXNativeTarget "BitWallet" */ = {
			isa = XCConfigurationList;
			buildConfigurations = (
				ECF5E5E42F5F0D360024512B /* Debug */,
				ECF5E5E52F5F0D360024512B /* Release */,
			);
			defaultConfigurationIsVisible = 0;
			defaultConfigurationName = Release;
		};
		ECF5E5E62F5F0D360024512B /* Build configuration list for PBXNativeTarget "BitWalletTests" */ = {
			isa = XCConfigurationList;
			buildConfigurations = (
				ECF5E5E72F5F0D360024512B /* Debug */,
				ECF5E5E82F5F0D360024512B /* Release */,
			);
			defaultConfigurationIsVisible = 0;
			defaultConfigurationName = Release;
		};
		ECF5E5E92F5F0D360024512B /* Build configuration list for PBXNativeTarget "BitWalletUITests" */ = {
			isa = XCConfigurationList;
			buildConfigurations = (
				ECF5E5EA2F5F0D360024512B /* Debug */,
				ECF5E5EB2F5F0D360024512B /* Release */,
			);
			defaultConfigurationIsVisible = 0;
			defaultConfigurationName = Release;
		};
/* End XCConfigurationList section */

/* Begin XCRemoteSwiftPackageReference section */
		ECA9BF6A2F69AA960059280F /* XCRemoteSwiftPackageReference "firebase-ios-sdk" */ = {
			isa = XCRemoteSwiftPackageReference;
			repositoryURL = "https://github.com/firebase/firebase-ios-sdk";
			requirement = {
				kind = upToNextMajorVersion;
				minimumVersion = 12.11.0;
			};
		};
/* End XCRemoteSwiftPackageReference section */

/* Begin XCSwiftPackageProductDependency section */
		ECA9BF6B2F69AA960059280F /* FirebaseAnalytics */ = {
			isa = XCSwiftPackageProductDependency;
			package = ECA9BF6A2F69AA960059280F /* XCRemoteSwiftPackageReference "firebase-ios-sdk" */;
			productName = FirebaseAnalytics;
		};
		ECA9BF6D2F69AA960059280F /* FirebaseCrashlytics */ = {
			isa = XCSwiftPackageProductDependency;
			package = ECA9BF6A2F69AA960059280F /* XCRemoteSwiftPackageReference "firebase-ios-sdk" */;
			productName = FirebaseCrashlytics;
		};
/* End XCSwiftPackageProductDependency section */
	};
	rootObject = ECF5E5BA2F5F0D340024512B /* Project object */;
}
